
Microsoft Visual Studio Solution File, Format Version 12.00
# Visual Studio Version 16
VisualStudioVersion = 16.0.30406.217
MinimumVisualStudioVersion = 10.0.40219.1
Project("{FAE04EC0-301F-11D3-BF4B-00C04F79EFBC}") = "JWTDemo", "JWTDemo\JWTDemo.csproj", "{0FE50501-FCDA-43B6-8C13-B7A21C4A8451}"
EndProject
Project("{FAE04EC0-301F-11D3-BF4B-00C04F79EFBC}") = "JWTDemo.Model", "JWTDemo.Model\JWTDemo.Model.csproj", "{9D416CF7-56C0-4CE0-A680-2471EACC9E0A}"
EndProject
Global
	GlobalSection(SolutionConfigurationPlatforms) = preSolution
		Debug|Any CPU = Debug|Any CPU
		Release|Any CPU = Release|Any CPU
	EndGlobalSection
	GlobalSection(ProjectConfigurationPlatforms) = postSolution
		{0FE50501-FCDA-43B6-8C13-B7A21C4A8451}.Debug|Any CPU.ActiveCfg = Debug|Any CPU
		{0FE50501-FCDA-43B6-8C13-B7A21C4A8451}.Debug|Any CPU.Build.0 = Debug|Any CPU
		{0FE50501-FCDA-43B6-8C13-B7A21C4A8451}.Release|Any CPU.ActiveCfg = Release|Any CPU
		{0FE50501-FCDA-43B6-8C13-B7A21C4A8451}.Release|Any CPU.Build.0 = Release|Any CPU
		{9D416CF7-56C0-4CE0-A680-2471EACC9E0A}.Debug|Any CPU.ActiveCfg = Debug|Any CPU
		{9D416CF7-56C0-4CE0-A680-2471EACC9E0A}.Debug|Any CPU.Build.0 = Debug|Any CPU
		{9D416CF7-56C0-4CE0-A680-2471EACC9E0A}.Release|Any CPU.ActiveCfg = Release|Any CPU
		{9D416CF7-56C0-4CE0-A680-2471EACC9E0A}.Release|Any CPU.Build.0 = Release|Any CPU
	EndGlobalSection
	GlobalSection(SolutionProperties) = preSolution
		HideSolutionNode = FALSE
	EndGlobalSection
	GlobalSection(ExtensibilityGlobals) = postSolution
		SolutionGuid = {27DC7036-6FE1-44E9-97AD-FD89FFA449F8}
	EndGlobalSection
EndGlobal
